
Microsoft Visual Studio Solution File, Format Version 12.00
# Visual Studio Version 16
VisualStudioVersion = 16.0.33529.622
MinimumVisualStudioVersion = 10.0.40219.1
Project("{FAE04EC0-301F-11D3-BF4B-00C04F79EFBC}") = "mission04_jrencher", "mission04_jrencher.csproj", "{AC617571-04C7-45FF-8474-C63E3D073257}"
EndProject
Global
	GlobalSection(SolutionConfigurationPlatforms) = preSolution
		Debug|Any CPU = Debug|Any CPU
		Release|Any CPU = Release|Any CPU
	EndGlobalSection
	GlobalSection(ProjectConfigurationPlatforms) = postSolution
		{AC617571-04C7-45FF-8474-C63E3D073257}.Debug|Any CPU.ActiveCfg = Debug|Any CPU
		{AC617571-04C7-45FF-8474-C63E3D073257}.Debug|Any CPU.Build.0 = Debug|Any CPU
		{AC617571-04C7-45FF-8474-C63E3D073257}.Release|Any CPU.ActiveCfg = Release|Any CPU
		{AC617571-04C7-45FF-8474-C63E3D073257}.Release|Any CPU.Build.0 = Release|Any CPU
	EndGlobalSection
	GlobalSection(SolutionProperties) = preSolution
		HideSolutionNode = FALSE
	EndGlobalSection
	GlobalSection(ExtensibilityGlobals) = postSolution
		SolutionGuid = {46E6BC12-7B5D-4D64-9DD8-3D2FB4A09195}
	EndGlobalSection
EndGlobal
